
Microsoft Visual Studio Solution File, Format Version 12.00
# Visual Studio Version 17
VisualStudioVersion = 17.9.34902.65
MinimumVisualStudioVersion = 10.0.40219.1
Project("{9A19103F-16F7-4668-BE54-9A1E7A4F7556}") = "TournamentManager", "TournamentManager.csproj", "{A25000BB-10D3-4F23-813F-756CAAFABC84}"
EndProject
Project("{9A19103F-16F7-4668-BE54-9A1E7A4F7556}") = "TournamentManager.SongExtractor", "..\TournamentManager.SongExtractor\TournamentManager.SongExtractor.csproj", "{EF63FDBB-7190-4535-B8A3-1571B1BB86D7}"
EndProject
Project("{FAE04EC0-301F-11D3-BF4B-00C04F79EFBC}") = "TournamentManager.Tests", "..\TournamentManager.Tests\TournamentManager.Tests.csproj", "{15BAB62C-90A6-44A0-BFAF-7CA1E4187AD0}"
EndProject
Global
	GlobalSection(SolutionConfigurationPlatforms) = preSolution
		Debug|Any CPU = Debug|Any CPU
		Release|Any CPU = Release|Any CPU
	EndGlobalSection
	GlobalSection(ProjectConfigurationPlatforms) = postSolution
		{A25000BB-10D3-4F23-813F-756CAAFABC84}.Debug|Any CPU.ActiveCfg = Debug|Any CPU
		{A25000BB-10D3-4F23-813F-756CAAFABC84}.Debug|Any CPU.Build.0 = Debug|Any CPU
		{A25000BB-10D3-4F23-813F-756CAAFABC84}.Release|Any CPU.ActiveCfg = Release|Any CPU
		{A25000BB-10D3-4F23-813F-756CAAFABC84}.Release|Any CPU.Build.0 = Release|Any CPU
		{EF63FDBB-7190-4535-B8A3-1571B1BB86D7}.Debug|Any CPU.ActiveCfg = Debug|Any CPU
		{EF63FDBB-7190-4535-B8A3-1571B1BB86D7}.Debug|Any CPU.Build.0 = Debug|Any CPU
		{EF63FDBB-7190-4535-B8A3-1571B1BB86D7}.Release|Any CPU.ActiveCfg = Release|Any CPU
		{EF63FDBB-7190-4535-B8A3-1571B1BB86D7}.Release|Any CPU.Build.0 = Release|Any CPU
		{15BAB62C-90A6-44A0-BFAF-7CA1E4187AD0}.Debug|Any CPU.ActiveCfg = Debug|Any CPU
		{15BAB62C-90A6-44A0-BFAF-7CA1E4187AD0}.Debug|Any CPU.Build.0 = Debug|Any CPU
		{15BAB62C-90A6-44A0-BFAF-7CA1E4187AD0}.Release|Any CPU.ActiveCfg = Release|Any CPU
		{15BAB62C-90A6-44A0-BFAF-7CA1E4187AD0}.Release|Any CPU.Build.0 = Release|Any CPU
	EndGlobalSection
	GlobalSection(SolutionProperties) = preSolution
		HideSolutionNode = FALSE
	EndGlobalSection
	GlobalSection(ExtensibilityGlobals) = postSolution
		SolutionGuid = {AF64C83B-DC6A-43BD-B742-95696B83DD6C}
	EndGlobalSection
EndGlobal
